// !$*UTF8*$!
{
	archiveVersion = 1;
	classes = {
	};
	objectVersion = 50;
	objects = {

/* Begin PBXBuildFile section */
		87F91F7C2117E02F00387DA3 /* AppDelegate.swift in Sources */ = {isa = PBXBuildFile; fileRef = 87F91F7B2117E02F00387DA3 /* AppDelegate.swift */; };
		87F91F812117E02F00387DA3 /* Main.storyboard in Resources */ = {isa = PBXBuildFile; fileRef = 87F91F7F2117E02F00387DA3 /* Main.storyboard */; };
		87F91F842117E02F00387DA3 /* theWeeknd.xcdatamodeld in Sources */ = {isa = PBXBuildFile; fileRef = 87F91F822117E02F00387DA3 /* theWeeknd.xcdatamodeld */; };
		87F91F862117E03000387DA3 /* Assets.xcassets in Resources */ = {isa = PBXBuildFile; fileRef = 87F91F852117E03000387DA3 /* Assets.xcassets */; };
		87F91F892117E03000387DA3 /* LaunchScreen.storyboard in Resources */ = {isa = PBXBuildFile; fileRef = 87F91F872117E03000387DA3 /* LaunchScreen.storyboard */; };
		87F91F912117E90200387DA3 /* AddPhotoViewController.swift in Sources */ = {isa = PBXBuildFile; fileRef = 87F91F902117E90200387DA3 /* AddPhotoViewController.swift */; };
/* End PBXBuildFile section */

/* Begin PBXFileReference section */
		87F91F782117E02F00387DA3 /* theWeeknd.app */ = {isa = PBXFileReference; explicitFileType = wrapper.application; includeInIndex = 0; path = theWeeknd.app; sourceTree = BUILT_PRODUCTS_DIR; };
		87F91F7B2117E02F00387DA3 /* AppDelegate.swift */ = {isa = PBXFileReference; lastKnownFileType = sourcecode.swift; path = AppDelegate.swift; sourceTree = "<group>"; };
		87F91F802117E02F00387DA3 /* Base */ = {isa = PBXFileReference; lastKnownFileType = file.storyboard; name = Base; path = Base.lproj/Main.storyboard; sourceTree = "<group>"; };
		87F91F832117E02F00387DA3 /* theWeeknd.xcdatamodel */ = {isa = PBXFileReference; lastKnownFileType = wrapper.xcdatamodel; path = theWeeknd.xcdatamodel; sourceTree = "<group>"; };
		87F91F852117E03000387DA3 /* Assets.xcassets */ = {isa = PBXFileReference; lastKnownFileType = folder.assetcatalog; path = Assets.xcassets; sourceTree = "<group>"; };
		87F91F882117E03000387DA3 /* Base */ = {isa = PBXFileReference; lastKnownFileType = file.storyboard; name = Base; path = Base.lproj/LaunchScreen.storyboard; sourceTree = "<group>"; };
		87F91F8A2117E03000387DA3 /* Info.plist */ = {isa = PBXFileReference; lastKnownFileType = text.plist.xml; path = Info.plist; sourceTree = "<group>"; };
		87F91F902117E90200387DA3 /* AddPhotoViewController.swift */ = {isa = PBXFileReference; lastKnownFileType = sourcecode.swift; path = AddPhotoViewController.swift; sourceTree = "<group>"; };
/* End PBXFileReference section */

/* Begin PBXFrameworksBuildPhase section */
		87F91F752117E02F00387DA3 /* Frameworks */ = {
			isa = PBXFrameworksBuildPhase;
			buildActionMask = 2147483647;
			files = (
			);
			runOnlyForDeploymentPostprocessing = 0;
		};
/* End PBXFrameworksBuildPhase section */

/* Begin PBXGroup section */
		87F91F6F2117E02F00387DA3 = {
			isa = PBXGroup;
			children = (
				87F91F7A2117E02F00387DA3 /* theWeeknd */,
				87F91F792117E02F00387DA3 /* Products */,
			);
			sourceTree = "<group>";
		};
		87F91F792117E02F00387DA3 /* Products */ = {
			isa = PBXGroup;
			children = (
				87F91F782117E02F00387DA3 /* theWeeknd.app */,
			);
			name = Products;
			sourceTree = "<group>";
		};
		87F91F7A2117E02F00387DA3 /* theWeeknd */ = {
			isa = PBXGroup;
			children = (
				87F91F7B2117E02F00387DA3 /* AppDelegate.swift */,
				87F91F7F2117E02F00387DA3 /* Main.storyboard */,
				87F91F902117E90200387DA3 /* AddPhotoViewController.swift */,
				87F91F852117E03000387DA3 /* Assets.xcassets */,
				87F91F872117E03000387DA3 /* LaunchScreen.storyboard */,
				87F91F8A2117E03000387DA3 /* Info.plist */,
				87F91F822117E02F00387DA3 /* theWeeknd.xcdatamodeld */,
			);
			path = theWeeknd;
			sourceTree = "<group>";
		};
/* End PBXGroup section */

/* Begin PBXNativeTarget section */
		87F91F772117E02F00387DA3 /* theWeeknd */ = {
			isa = PBXNativeTarget;
			buildConfigurationList = 87F91F8D2117E03000387DA3 /* Build configuration list for PBXNativeTarget "theWeeknd" */;
			buildPhases = (
				87F91F742117E02F00387DA3 /* Sources */,
				87F91F752117E02F00387DA3 /* Frameworks */,
				87F91F762117E02F00387DA3 /* Resources */,
			);
			buildRules = (
			);
			dependencies = (
			);
			name = theWeeknd;
			productName = theWeeknd;
			productReference = 87F91F782117E02F00387DA3 /* theWeeknd.app */;
			productType = "com.apple.product-type.application";
		};
/* End PBXNativeTarget section */

/* Begin PBXProject section */
		87F91F702117E02F00387DA3 /* Project object */ = {
			isa = PBXProject;
			attributes = {
				LastSwiftUpdateCheck = 0940;
				LastUpgradeCheck = 0940;
				ORGANIZATIONNAME = "Christie Lynam";
				TargetAttributes = {
					87F91F772117E02F00387DA3 = {
						CreatedOnToolsVersion = 9.4.1;
					};
				};
			};
			buildConfigurationList = 87F91F732117E02F00387DA3 /* Build configuration list for PBXProject "theWeeknd" */;
			compatibilityVersion = "Xcode 9.3";
			developmentRegion = en;
			hasScannedForEncodings = 0;
			knownRegions = (
				en,
				Base,
			);
			mainGroup = 87F91F6F2117E02F00387DA3;
			productRefGroup = 87F91F792117E02F00387DA3 /* Products */;
			projectDirPath = "";
			projectRoot = "";
			targets = (
				87F91F772117E02F00387DA3 /* theWeeknd */,
			);
		};
/* End PBXProject section */

/* Begin PBXResourcesBuildPhase section */
		87F91F762117E02F00387DA3 /* Resources */ = {
			isa = PBXResourcesBuildPhase;
			buildActionMask = 2147483647;
			files = (
				87F91F892117E03000387DA3 /* LaunchScreen.storyboard in Resources */,
				87F91F862117E03000387DA3 /* Assets.xcassets in Resources */,
				87F91F812117E02F00387DA3 /* Main.storyboard in Resources */,
			);
			runOnlyForDeploymentPostprocessing = 0;
		};
/* End PBXResourcesBuildPhase section */

/* Begin PBXSourcesBuildPhase section */
		87F91F742117E02F00387DA3 /* Sources */ = {
			isa = PBXSourcesBuildPhase;
			buildActionMask = 2147483647;
			files = (
				87F91F842117E02F00387DA3 /* theWeeknd.xcdatamodeld in Sources */,
				87F91F912117E90200387DA3 /* AddPhotoViewController.swift in Sources */,
				87F91F7C2117E02F00387DA3 /* AppDelegate.swift in Sources */,
			);
			runOnlyForDeploymentPostprocessing = 0;
		};
/* End PBXSourcesBuildPhase section */

/* Begin PBXVariantGroup section */
		87F91F7F2117E02F00387DA3 /* Main.storyboard */ = {
			isa = PBXVariantGroup;
			children = (
				87F91F802117E02F00387DA3 /* Base */,
			);
			name = Main.storyboard;
			sourceTree = "<group>";
		};
		87F91F872117E03000387DA3 /* LaunchScreen.storyboard */ = {
			isa = PBXVariantGroup;
			children = (
				87F91F882117E03000387DA3 /* Base */,
			);
			name = LaunchScreen.storyboard;
			sourceTree = "<group>";
		};
/* End PBXVariantGroup section */

/* Begin XCBuildConfiguration section */
		87F91F8B2117E03000387DA3 /* Debug */ = {
			isa = XCBuildConfiguration;
			buildSettings = {
				ALWAYS_SEARCH_USER_PATHS = NO;
				CLANG_ANALYZER_NONNULL = YES;
				CLANG_ANALYZER_NUMBER_OBJECT_CONVERSION = YES_AGGRESSIVE;
				CLANG_CXX_LANGUAGE_STANDARD = "gnu++14";
				CLANG_CXX_LIBRARY = "libc++";
				CLANG_ENABLE_MODULES = YES;
				CLANG_ENABLE_OBJC_ARC = YES;
				CLANG_ENABLE_OBJC_WEAK = YES;
				CLANG_WARN_BLOCK_CAPTURE_AUTORELEASING = YES;
				CLANG_WARN_BOOL_CONVERSION = YES;
				CLANG_WARN_COMMA = YES;
				CLANG_WARN_CONSTANT_CONVERSION = YES;
				CLANG_WARN_DEPRECATED_OBJC_IMPLEMENTATIONS = YES;
				CLANG_WARN_DIRECT_OBJC_ISA_USAGE = YES_ERROR;
				CLANG_WARN_DOCUMENTATION_COMMENTS = YES;
				CLANG_WARN_EMPTY_BODY = YES;
				CLANG_WARN_ENUM_CONVERSION = YES;
				CLANG_WARN_INFINITE_RECURSION = YES;
				CLANG_WARN_INT_CONVERSION = YES;
				CLANG_WARN_NON_LITERAL_NULL_CONVERSION = YES;
				CLANG_WARN_OBJC_IMPLICIT_RETAIN_SELF = YES;
				CLANG_WARN_OBJC_LITERAL_CONVERSION = YES;
				CLANG_WARN_OBJC_ROOT_CLASS = YES_ERROR;
				CLANG_WARN_RANGE_LOOP_ANALYSIS = YES;
				CLANG_WARN_STRICT_PROTOTYPES = YES;
				CLANG_WARN_SUSPICIOUS_MOVE = YES;
				CLANG_WARN_UNGUARDED_AVAILABILITY = YES_AGGRESSIVE;
				CLANG_WARN_UNREACHABLE_CODE = YES;
				CLANG_WARN__DUPLICATE_METHOD_MATCH = YES;
				CODE_SIGN_IDENTITY = "iPhone Developer";
				COPY_PHASE_STRIP = NO;
				DEBUG_INFORMATION_FORMAT = dwarf;
				ENABLE_STRICT_OBJC_MSGSEND = YES;
				ENABLE_TESTABILITY = YES;
				GCC_C_LANGUAGE_STANDARD = gnu11;
				GCC_DYNAMIC_NO_PIC = NO;
				GCC_NO_COMMON_BLOCKS = YES;
				GCC_OPTIMIZATION_LEVEL = 0;
				GCC_PREPROCESSOR_DEFINITIONS = (
					"DEBUG=1",
					"$(inherited)",
				);
				GCC_WARN_64_TO_32_BIT_CONVERSION = YES;
				GCC_WARN_ABOUT_RETURN_TYPE = YES_ERROR;
				GCC_WARN_UNDECLARED_SELECTOR = YES;
				GCC_WARN_UNINITIALIZED_AUTOS = YES_AGGRESSIVE;
				GCC_WARN_UNUSED_FUNCTION = YES;
				GCC_WARN_UNUSED_VARIABLE = YES;
				IPHONEOS_DEPLOYMENT_TARGET = 11.4;
				MTL_ENABLE_DEBUG_INFO = YES;
				ONLY_ACTIVE_ARCH = YES;
				SDKROOT = iphoneos;
				SWIFT_ACTIVE_COMPILATION_CONDITIONS = DEBUG;
				SWIFT_OPTIMIZATION_LEVEL = "-Onone";
			};
			name = Debug;
		};
		87F91F8C2117E03000387DA3 /* Release */ = {
			isa = XCBuildConfiguration;
			buildSettings = {
				ALWAYS_SEARCH_USER_PATHS = NO;
				CLANG_ANALYZER_NONNULL = YES;
				CLANG_ANALYZER_NUMBER_OBJECT_CONVERSION = YES_AGGRESSIVE;
				CLANG_CXX_LANGUAGE_STANDARD = "gnu++14";
				CLANG_CXX_LIBRARY = "libc++";
				CLANG_ENABLE_MODULES = YES;
				CLANG_ENABLE_OBJC_ARC = YES;
				CLANG_ENABLE_OBJC_WEAK = YES;
				CLANG_WARN_BLOCK_CAPTURE_AUTORELEASING = YES;
				CLANG_WARN_BOOL_CONVERSION = YES;
				CLANG_WARN_COMMA = YES;
				CLANG_WARN_CONSTANT_CONVERSION = YES;
				CLANG_WARN_DEPRECATED_OBJC_IMPLEMENTATIONS = YES;
				CLANG_WARN_DIRECT_OBJC_ISA_USAGE = YES_ERROR;
				CLANG_WARN_DOCUMENTATION_COMMENTS = YES;
				CLANG_WARN_EMPTY_BODY = YES;
				CLANG_WARN_ENUM_CONVERSION = YES;
				CLANG_WARN_INFINITE_RECURSION = YES;
				CLANG_WARN_INT_CONVERSION = YES;
				CLANG_WARN_NON_LITERAL_NULL_CONVERSION = YES;
				CLANG_WARN_OBJC_IMPLICIT_RETAIN_SELF = YES;
				CLANG_WARN_OBJC_LITERAL_CONVERSION = YES;
				CLANG_WARN_OBJC_ROOT_CLASS = YES_ERROR;
				CLANG_WARN_RANGE_LOOP_ANALYSIS = YES;
				CLANG_WARN_STRICT_PROTOTYPES = YES;
				CLANG_WARN_SUSPICIOUS_MOVE = YES;
				CLANG_WARN_UNGUARDED_AVAILABILITY = YES_AGGRESSIVE;
				CLANG_WARN_UNREACHABLE_CODE = YES;
				CLANG_WARN__DUPLICATE_METHOD_MATCH = YES;
				CODE_SIGN_IDENTITY = "iPhone Developer";
				COPY_PHASE_STRIP = NO;
				DEBUG_INFORMATION_FORMAT = "dwarf-with-dsym";
				ENABLE_NS_ASSERTIONS = NO;
				ENABLE_STRICT_OBJC_MSGSEND = YES;
				GCC_C_LANGUAGE_STANDARD = gnu11;
				GCC_NO_COMMON_BLOCKS = YES;
				GCC_WARN_64_TO_32_BIT_CONVERSION = YES;
				GCC_WARN_ABOUT_RETURN_TYPE = YES_ERROR;
				GCC_WARN_UNDECLARED_SELECTOR = YES;
				GCC_WARN_UNINITIALIZED_AUTOS = YES_AGGRESSIVE;
				GCC_WARN_UNUSED_FUNCTION = YES;
				GCC_WARN_UNUSED_VARIABLE = YES;
				IPHONEOS_DEPLOYMENT_TARGET = 11.4;
				MTL_ENABLE_DEBUG_INFO = NO;
				SDKROOT = iphoneos;
				SWIFT_COMPILATION_MODE = wholemodule;
				SWIFT_OPTIMIZATION_LEVEL = "-O";
				VALIDATE_PRODUCT = YES;
			};
			name = Release;
		};
		87F91F8E2117E03000387DA3 /* Debug */ = {
			isa = XCBuildConfiguration;
			buildSettings = {
				ASSETCATALOG_COMPILER_APPICON_NAME = AppIcon;
				CODE_SIGN_STYLE = Automatic;
				DEVELOPMENT_TEAM = XQFFA7VM98;
				INFOPLIST_FILE = theWeeknd/Info.plist;
				LD_RUNPATH_SEARCH_PATHS = (
					"$(inherited)",
					"@executable_path/Frameworks",
				);
				PRODUCT_BUNDLE_IDENTIFIER = com.christie.theWeeknd;
				PRODUCT_NAME = "$(TARGET_NAME)";
				SWIFT_VERSION = 4.0;
				TARGETED_DEVICE_FAMILY = "1,2";
			};
			name = Debug;
		};
		87F91F8F2117E03000387DA3 /* Release */ = {
			isa = XCBuildConfiguration;
			buildSettings = {
				ASSETCATALOG_COMPILER_APPICON_NAME = AppIcon;
				CODE_SIGN_STYLE = Automatic;
				DEVELOPMENT_TEAM = XQFFA7VM98;
				INFOPLIST_FILE = theWeeknd/Info.plist;
				LD_RUNPATH_SEARCH_PATHS = (
					"$(inherited)",
					"@executable_path/Frameworks",
				);
				PRODUCT_BUNDLE_IDENTIFIER = com.christie.theWeeknd;
				PRODUCT_NAME = "$(TARGET_NAME)";
				SWIFT_VERSION = 4.0;
				TARGETED_DEVICE_FAMILY = "1,2";
			};
			name = Release;
		};
/* End XCBuildConfiguration section */

/* Begin XCConfigurationList section */
		87F91F732117E02F00387DA3 /* Build configuration list for PBXProject "theWeeknd" */ = {
			isa = XCConfigurationList;
			buildConfigurations = (
				87F91F8B2117E03000387DA3 /* Debug */,
				87F91F8C2117E03000387DA3 /* Release */,
			);
			defaultConfigurationIsVisible = 0;
			defaultConfigurationName = Release;
		};
		87F91F8D2117E03000387DA3 /* Build configuration list for PBXNativeTarget "theWeeknd" */ = {
			isa = XCConfigurationList;
			buildConfigurations = (
				87F91F8E2117E03000387DA3 /* Debug */,
				87F91F8F2117E03000387DA3 /* Release */,
			);
			defaultConfigurationIsVisible = 0;
			defaultConfigurationName = Release;
		};
/* End XCConfigurationList section */

/* Begin XCVersionGroup section */
		87F91F822117E02F00387DA3 /* theWeeknd.xcdatamodeld */ = {
			isa = XCVersionGroup;
			children = (
				87F91F832117E02F00387DA3 /* theWeeknd.xcdatamodel */,
			);
			currentVersion = 87F91F832117E02F00387DA3 /* theWeeknd.xcdatamodel */;
			path = theWeeknd.xcdatamodeld;
			sourceTree = "<group>";
			versionGroupType = wrapper.xcdatamodel;
		};
/* End XCVersionGroup section */
	};
	rootObject = 87F91F702117E02F00387DA3 /* Project object */;
}
